// !$*UTF8*$!
{
	archiveVersion = 1;
	classes = {
	};
	objectVersion = 55;
	objects = {

/* Begin PBXBuildFile section */
		5BE70D71282AF4A100E36372 /* MiniChallenge04_TestApp.swift in Sources */ = {isa = PBXBuildFile; fileRef = 5BE70D61282AF49F00E36372 /* MiniChallenge04_TestApp.swift */; };
		5BE70D72282AF4A100E36372 /* MiniChallenge04_TestApp.swift in Sources */ = {isa = PBXBuildFile; fileRef = 5BE70D61282AF49F00E36372 /* MiniChallenge04_TestApp.swift */; };
		5BE70D73282AF4A100E36372 /* ContentView.swift in Sources */ = {isa = PBXBuildFile; fileRef = 5BE70D62282AF49F00E36372 /* ContentView.swift */; };
		5BE70D74282AF4A100E36372 /* ContentView.swift in Sources */ = {isa = PBXBuildFile; fileRef = 5BE70D62282AF49F00E36372 /* ContentView.swift */; };
		5BE70D75282AF4A100E36372 /* Assets.xcassets in Resources */ = {isa = PBXBuildFile; fileRef = 5BE70D63282AF4A100E36372 /* Assets.xcassets */; };
		5BE70D76282AF4A100E36372 /* Assets.xcassets in Resources */ = {isa = PBXBuildFile; fileRef = 5BE70D63282AF4A100E36372 /* Assets.xcassets */; };
		5BE70D86282AF68B00E36372 /* MiniChallenge04_Test_TvOSApp.swift in Sources */ = {isa = PBXBuildFile; fileRef = 5BE70D85282AF68B00E36372 /* MiniChallenge04_Test_TvOSApp.swift */; };
		5BE70D88282AF68B00E36372 /* ContentView.swift in Sources */ = {isa = PBXBuildFile; fileRef = 5BE70D87282AF68B00E36372 /* ContentView.swift */; };
		5BE70D8A282AF68C00E36372 /* Assets.xcassets in Resources */ = {isa = PBXBuildFile; fileRef = 5BE70D89282AF68C00E36372 /* Assets.xcassets */; };
		5BE70D8D282AF68C00E36372 /* Preview Assets.xcassets in Resources */ = {isa = PBXBuildFile; fileRef = 5BE70D8C282AF68C00E36372 /* Preview Assets.xcassets */; };
		5BE70D98282AF7CA00E36372 /* iPadTVsApp.swift in Sources */ = {isa = PBXBuildFile; fileRef = 5BE70D97282AF7CA00E36372 /* iPadTVsApp.swift */; };
		5BE70D9A282AF7CA00E36372 /* ContentView.swift in Sources */ = {isa = PBXBuildFile; fileRef = 5BE70D99282AF7CA00E36372 /* ContentView.swift */; };
		5BE70D9C282AF7CC00E36372 /* Assets.xcassets in Resources */ = {isa = PBXBuildFile; fileRef = 5BE70D9B282AF7CC00E36372 /* Assets.xcassets */; };
		5BE70D9F282AF7CC00E36372 /* Preview Assets.xcassets in Resources */ = {isa = PBXBuildFile; fileRef = 5BE70D9E282AF7CC00E36372 /* Preview Assets.xcassets */; };
		5BE70DDB282B001600E36372 /* HelpSingleton.swift in Sources */ = {isa = PBXBuildFile; fileRef = 5BE70DD9282B001600E36372 /* HelpSingleton.swift */; };
		5BE70DDC282B001600E36372 /* HelpSingleton.swift in Sources */ = {isa = PBXBuildFile; fileRef = 5BE70DD9282B001600E36372 /* HelpSingleton.swift */; };
		5BE70DDD282B001600E36372 /* HelpSingleton.swift in Sources */ = {isa = PBXBuildFile; fileRef = 5BE70DD9282B001600E36372 /* HelpSingleton.swift */; };
		5BE70DDE282B001600E36372 /* HelpSingleton.swift in Sources */ = {isa = PBXBuildFile; fileRef = 5BE70DD9282B001600E36372 /* HelpSingleton.swift */; };
		5BE70DDF282B001600E36372 /* HelpModel.swift in Sources */ = {isa = PBXBuildFile; fileRef = 5BE70DDA282B001600E36372 /* HelpModel.swift */; };
		5BE70DE0282B001600E36372 /* HelpModel.swift in Sources */ = {isa = PBXBuildFile; fileRef = 5BE70DDA282B001600E36372 /* HelpModel.swift */; };
		5BE70DE1282B001600E36372 /* HelpModel.swift in Sources */ = {isa = PBXBuildFile; fileRef = 5BE70DDA282B001600E36372 /* HelpModel.swift */; };
		5BE70DE2282B001600E36372 /* HelpModel.swift in Sources */ = {isa = PBXBuildFile; fileRef = 5BE70DDA282B001600E36372 /* HelpModel.swift */; };
/* End PBXBuildFile section */

/* Begin PBXCopyFilesBuildPhase section */
		5BE70DC8282AFC1C00E36372 /* Embed Frameworks */ = {
			isa = PBXCopyFilesBuildPhase;
			buildActionMask = 2147483647;
			dstPath = "";
			dstSubfolderSpec = 10;
			files = (
			);
			name = "Embed Frameworks";
			runOnlyForDeploymentPostprocessing = 0;
		};
/* End PBXCopyFilesBuildPhase section */

/* Begin PBXFileReference section */
		5BE70D61282AF49F00E36372 /* MiniChallenge04_TestApp.swift */ = {isa = PBXFileReference; lastKnownFileType = sourcecode.swift; path = MiniChallenge04_TestApp.swift; sourceTree = "<group>"; };
		5BE70D62282AF49F00E36372 /* ContentView.swift */ = {isa = PBXFileReference; lastKnownFileType = sourcecode.swift; path = ContentView.swift; sourceTree = "<group>"; };
		5BE70D63282AF4A100E36372 /* Assets.xcassets */ = {isa = PBXFileReference; lastKnownFileType = folder.assetcatalog; path = Assets.xcassets; sourceTree = "<group>"; };
		5BE70D68282AF4A100E36372 /* MiniChallenge04-Test.app */ = {isa = PBXFileReference; explicitFileType = wrapper.application; includeInIndex = 0; path = "MiniChallenge04-Test.app"; sourceTree = BUILT_PRODUCTS_DIR; };
		5BE70D6E282AF4A100E36372 /* MiniChallenge04-Test.app */ = {isa = PBXFileReference; explicitFileType = wrapper.application; includeInIndex = 0; path = "MiniChallenge04-Test.app"; sourceTree = BUILT_PRODUCTS_DIR; };
		5BE70D70282AF4A100E36372 /* macOS.entitlements */ = {isa = PBXFileReference; lastKnownFileType = text.plist.entitlements; path = macOS.entitlements; sourceTree = "<group>"; };
		5BE70D83282AF68B00E36372 /* MiniChallenge04-Test-TvOS.app */ = {isa = PBXFileReference; explicitFileType = wrapper.application; includeInIndex = 0; path = "MiniChallenge04-Test-TvOS.app"; sourceTree = BUILT_PRODUCTS_DIR; };
		5BE70D85282AF68B00E36372 /* MiniChallenge04_Test_TvOSApp.swift */ = {isa = PBXFileReference; lastKnownFileType = sourcecode.swift; path = MiniChallenge04_Test_TvOSApp.swift; sourceTree = "<group>"; };
		5BE70D87282AF68B00E36372 /* ContentView.swift */ = {isa = PBXFileReference; lastKnownFileType = sourcecode.swift; path = ContentView.swift; sourceTree = "<group>"; };
		5BE70D89282AF68C00E36372 /* Assets.xcassets */ = {isa = PBXFileReference; lastKnownFileType = folder.assetcatalog; path = Assets.xcassets; sourceTree = "<group>"; };
		5BE70D8C282AF68C00E36372 /* Preview Assets.xcassets */ = {isa = PBXFileReference; lastKnownFileType = folder.assetcatalog; path = "Preview Assets.xcassets"; sourceTree = "<group>"; };
		5BE70D95282AF7CA00E36372 /* iPadTVs.app */ = {isa = PBXFileReference; explicitFileType = wrapper.application; includeInIndex = 0; path = iPadTVs.app; sourceTree = BUILT_PRODUCTS_DIR; };
		5BE70D97282AF7CA00E36372 /* iPadTVsApp.swift */ = {isa = PBXFileReference; lastKnownFileType = sourcecode.swift; path = iPadTVsApp.swift; sourceTree = "<group>"; };
		5BE70D99282AF7CA00E36372 /* ContentView.swift */ = {isa = PBXFileReference; lastKnownFileType = sourcecode.swift; path = ContentView.swift; sourceTree = "<group>"; };
		5BE70D9B282AF7CC00E36372 /* Assets.xcassets */ = {isa = PBXFileReference; lastKnownFileType = folder.assetcatalog; path = Assets.xcassets; sourceTree = "<group>"; };
		5BE70D9E282AF7CC00E36372 /* Preview Assets.xcassets */ = {isa = PBXFileReference; lastKnownFileType = folder.assetcatalog; path = "Preview Assets.xcassets"; sourceTree = "<group>"; };
		5BE70DD2282AFEEC00E36372 /* MiniChallenge04-Test--iOS--Info.plist */ = {isa = PBXFileReference; lastKnownFileType = text.plist; path = "MiniChallenge04-Test--iOS--Info.plist"; sourceTree = "<group>"; };
		5BE70DD9282B001600E36372 /* HelpSingleton.swift */ = {isa = PBXFileReference; fileEncoding = 4; lastKnownFileType = sourcecode.swift; path = HelpSingleton.swift; sourceTree = "<group>"; };
		5BE70DDA282B001600E36372 /* HelpModel.swift */ = {isa = PBXFileReference; fileEncoding = 4; lastKnownFileType = sourcecode.swift; path = HelpModel.swift; sourceTree = "<group>"; };
		5BE70DE3282B00FF00E36372 /* Info.plist */ = {isa = PBXFileReference; lastKnownFileType = text.plist; path = Info.plist; sourceTree = "<group>"; };
/* End PBXFileReference section */

/* Begin PBXFrameworksBuildPhase section */
		5BE70D65282AF4A100E36372 /* Frameworks */ = {
			isa = PBXFrameworksBuildPhase;
			buildActionMask = 2147483647;
			files = (
			);
			runOnlyForDeploymentPostprocessing = 0;
		};
		5BE70D6B282AF4A100E36372 /* Frameworks */ = {
			isa = PBXFrameworksBuildPhase;
			buildActionMask = 2147483647;
			files = (
			);
			runOnlyForDeploymentPostprocessing = 0;
		};
		5BE70D80282AF68B00E36372 /* Frameworks */ = {
			isa = PBXFrameworksBuildPhase;
			buildActionMask = 2147483647;
			files = (
			);
			runOnlyForDeploymentPostprocessing = 0;
		};
		5BE70D92282AF7CA00E36372 /* Frameworks */ = {
			isa = PBXFrameworksBuildPhase;
			buildActionMask = 2147483647;
			files = (
			);
			runOnlyForDeploymentPostprocessing = 0;
		};
/* End PBXFrameworksBuildPhase section */

/* Begin PBXGroup section */
		5BE70D5B282AF49E00E36372 = {
			isa = PBXGroup;
			children = (
				5BE70DD2282AFEEC00E36372 /* MiniChallenge04-Test--iOS--Info.plist */,
				5BE70D60282AF49F00E36372 /* Shared */,
				5BE70D6F282AF4A100E36372 /* macOS */,
				5BE70D84282AF68B00E36372 /* tvOS */,
				5BE70D96282AF7CA00E36372 /* iPadTVs */,
				5BE70D69282AF4A100E36372 /* Products */,
				5BE70DCF282AFEE900E36372 /* Frameworks */,
			);
			sourceTree = "<group>";
		};
		5BE70D60282AF49F00E36372 /* Shared */ = {
			isa = PBXGroup;
			children = (
				5BE70D61282AF49F00E36372 /* MiniChallenge04_TestApp.swift */,
				5BE70D62282AF49F00E36372 /* ContentView.swift */,
				5BE70DDA282B001600E36372 /* HelpModel.swift */,
				5BE70DD9282B001600E36372 /* HelpSingleton.swift */,
				5BE70D63282AF4A100E36372 /* Assets.xcassets */,
			);
			path = Shared;
			sourceTree = "<group>";
		};
		5BE70D69282AF4A100E36372 /* Products */ = {
			isa = PBXGroup;
			children = (
				5BE70D68282AF4A100E36372 /* MiniChallenge04-Test.app */,
				5BE70D6E282AF4A100E36372 /* MiniChallenge04-Test.app */,
				5BE70D83282AF68B00E36372 /* MiniChallenge04-Test-TvOS.app */,
				5BE70D95282AF7CA00E36372 /* iPadTVs.app */,
			);
			name = Products;
			sourceTree = "<group>";
		};
		5BE70D6F282AF4A100E36372 /* macOS */ = {
			isa = PBXGroup;
			children = (
				5BE70D70282AF4A100E36372 /* macOS.entitlements */,
			);
			path = macOS;
			sourceTree = "<group>";
		};
		5BE70D84282AF68B00E36372 /* tvOS */ = {
			isa = PBXGroup;
			children = (
				5BE70D85282AF68B00E36372 /* MiniChallenge04_Test_TvOSApp.swift */,
				5BE70D87282AF68B00E36372 /* ContentView.swift */,
				5BE70D89282AF68C00E36372 /* Assets.xcassets */,
				5BE70D8B282AF68C00E36372 /* Preview Content */,
			);
			path = tvOS;
			sourceTree = "<group>";
		};
		5BE70D8B282AF68C00E36372 /* Preview Content */ = {
			isa = PBXGroup;
			children = (
				5BE70D8C282AF68C00E36372 /* Preview Assets.xcassets */,
			);
			path = "Preview Content";
			sourceTree = "<group>";
		};
		5BE70D96282AF7CA00E36372 /* iPadTVs */ = {
			isa = PBXGroup;
			children = (
				5BE70DE3282B00FF00E36372 /* Info.plist */,
				5BE70D97282AF7CA00E36372 /* iPadTVsApp.swift */,
				5BE70D99282AF7CA00E36372 /* ContentView.swift */,
				5BE70D9B282AF7CC00E36372 /* Assets.xcassets */,
				5BE70D9D282AF7CC00E36372 /* Preview Content */,
			);
			path = iPadTVs;
			sourceTree = "<group>";
		};
		5BE70D9D282AF7CC00E36372 /* Preview Content */ = {
			isa = PBXGroup;
			children = (
				5BE70D9E282AF7CC00E36372 /* Preview Assets.xcassets */,
			);
			path = "Preview Content";
			sourceTree = "<group>";
		};
		5BE70DCF282AFEE900E36372 /* Frameworks */ = {
			isa = PBXGroup;
			children = (
			);
			name = Frameworks;
			sourceTree = "<group>";
		};
/* End PBXGroup section */

/* Begin PBXNativeTarget section */
		5BE70D67282AF4A100E36372 /* MiniChallenge04-Test (iOS) */ = {
			isa = PBXNativeTarget;
			buildConfigurationList = 5BE70D79282AF4A100E36372 /* Build configuration list for PBXNativeTarget "MiniChallenge04-Test (iOS)" */;
			buildPhases = (
				5BE70D64282AF4A100E36372 /* Sources */,
				5BE70D65282AF4A100E36372 /* Frameworks */,
				5BE70D66282AF4A100E36372 /* Resources */,
				5BE70DC8282AFC1C00E36372 /* Embed Frameworks */,
			);
			buildRules = (
			);
			dependencies = (
			);
			name = "MiniChallenge04-Test (iOS)";
			packageProductDependencies = (
			);
			productName = "MiniChallenge04-Test (iOS)";
			productReference = 5BE70D68282AF4A100E36372 /* MiniChallenge04-Test.app */;
			productType = "com.apple.product-type.application";
		};
		5BE70D6D282AF4A100E36372 /* MiniChallenge04-Test (macOS) */ = {
			isa = PBXNativeTarget;
			buildConfigurationList = 5BE70D7C282AF4A100E36372 /* Build configuration list for PBXNativeTarget "MiniChallenge04-Test (macOS)" */;
			buildPhases = (
				5BE70D6A282AF4A100E36372 /* Sources */,
				5BE70D6B282AF4A100E36372 /* Frameworks */,
				5BE70D6C282AF4A100E36372 /* Resources */,
			);
			buildRules = (
			);
			dependencies = (
			);
			name = "MiniChallenge04-Test (macOS)";
			packageProductDependencies = (
			);
			productName = "MiniChallenge04-Test (macOS)";
			productReference = 5BE70D6E282AF4A100E36372 /* MiniChallenge04-Test.app */;
			productType = "com.apple.product-type.application";
		};
		5BE70D82282AF68B00E36372 /* MiniChallenge04-Test-TvOS */ = {
			isa = PBXNativeTarget;
			buildConfigurationList = 5BE70D8E282AF68C00E36372 /* Build configuration list for PBXNativeTarget "MiniChallenge04-Test-TvOS" */;
			buildPhases = (
				5BE70D7F282AF68B00E36372 /* Sources */,
				5BE70D80282AF68B00E36372 /* Frameworks */,
				5BE70D81282AF68B00E36372 /* Resources */,
			);
			buildRules = (
			);
			dependencies = (
			);
			name = "MiniChallenge04-Test-TvOS";
			packageProductDependencies = (
			);
			productName = "MiniChallenge04-Test-TvOS";
			productReference = 5BE70D83282AF68B00E36372 /* MiniChallenge04-Test-TvOS.app */;
			productType = "com.apple.product-type.application";
		};
		5BE70D94282AF7CA00E36372 /* iPadTVs */ = {
			isa = PBXNativeTarget;
			buildConfigurationList = 5BE70DA0282AF7CC00E36372 /* Build configuration list for PBXNativeTarget "iPadTVs" */;
			buildPhases = (
				5BE70D91282AF7CA00E36372 /* Sources */,
				5BE70D92282AF7CA00E36372 /* Frameworks */,
				5BE70D93282AF7CA00E36372 /* Resources */,
			);
			buildRules = (
			);
			dependencies = (
			);
			name = iPadTVs;
			packageProductDependencies = (
			);
			productName = iPadTVs;
			productReference = 5BE70D95282AF7CA00E36372 /* iPadTVs.app */;
			productType = "com.apple.product-type.application";
		};
/* End PBXNativeTarget section */

/* Begin PBXProject section */
		5BE70D5C282AF49E00E36372 /* Project object */ = {
			isa = PBXProject;
			attributes = {
				BuildIndependentTargetsInParallel = 1;
				LastSwiftUpdateCheck = 1330;
				LastUpgradeCheck = 1330;
				TargetAttributes = {
					5BE70D67282AF4A100E36372 = {
						CreatedOnToolsVersion = 13.3.1;
					};
					5BE70D6D282AF4A100E36372 = {
						CreatedOnToolsVersion = 13.3.1;
					};
					5BE70D82282AF68B00E36372 = {
						CreatedOnToolsVersion = 13.3.1;
					};
					5BE70D94282AF7CA00E36372 = {
						CreatedOnToolsVersion = 13.3.1;
					};
				};
			};
			buildConfigurationList = 5BE70D5F282AF49E00E36372 /* Build configuration list for PBXProject "MiniChallenge04-Test" */;
			compatibilityVersion = "Xcode 13.0";
			developmentRegion = en;
			hasScannedForEncodings = 0;
			knownRegions = (
				en,
				Base,
			);
			mainGroup = 5BE70D5B282AF49E00E36372;
			productRefGroup = 5BE70D69282AF4A100E36372 /* Products */;
			projectDirPath = "";
			projectRoot = "";
			targets = (
				5BE70D67282AF4A100E36372 /* MiniChallenge04-Test (iOS) */,
				5BE70D6D282AF4A100E36372 /* MiniChallenge04-Test (macOS) */,
				5BE70D82282AF68B00E36372 /* MiniChallenge04-Test-TvOS */,
				5BE70D94282AF7CA00E36372 /* iPadTVs */,
			);
		};
/* End PBXProject section */

/* Begin PBXResourcesBuildPhase section */
		5BE70D66282AF4A100E36372 /* Resources */ = {
			isa = PBXResourcesBuildPhase;
			buildActionMask = 2147483647;
			files = (
				5BE70D75282AF4A100E36372 /* Assets.xcassets in Resources */,
			);
			runOnlyForDeploymentPostprocessing = 0;
		};
		5BE70D6C282AF4A100E36372 /* Resources */ = {
			isa = PBXResourcesBuildPhase;
			buildActionMask = 2147483647;
			files = (
				5BE70D76282AF4A100E36372 /* Assets.xcassets in Resources */,
			);
			runOnlyForDeploymentPostprocessing = 0;
		};
		5BE70D81282AF68B00E36372 /* Resources */ = {
			isa = PBXResourcesBuildPhase;
			buildActionMask = 2147483647;
			files = (
				5BE70D8D282AF68C00E36372 /* Preview Assets.xcassets in Resources */,
				5BE70D8A282AF68C00E36372 /* Assets.xcassets in Resources */,
			);
			runOnlyForDeploymentPostprocessing = 0;
		};
		5BE70D93282AF7CA00E36372 /* Resources */ = {
			isa = PBXResourcesBuildPhase;
			buildActionMask = 2147483647;
			files = (
				5BE70D9F282AF7CC00E36372 /* Preview Assets.xcassets in Resources */,
				5BE70D9C282AF7CC00E36372 /* Assets.xcassets in Resources */,
			);
			runOnlyForDeploymentPostprocessing = 0;
		};
/* End PBXResourcesBuildPhase section */

/* Begin PBXSourcesBuildPhase section */
		5BE70D64282AF4A100E36372 /* Sources */ = {
			isa = PBXSourcesBuildPhase;
			buildActionMask = 2147483647;
			files = (
				5BE70DDF282B001600E36372 /* HelpModel.swift in Sources */,
				5BE70D73282AF4A100E36372 /* ContentView.swift in Sources */,
				5BE70D71282AF4A100E36372 /* MiniChallenge04_TestApp.swift in Sources */,
				5BE70DDB282B001600E36372 /* HelpSingleton.swift in Sources */,
			);
			runOnlyForDeploymentPostprocessing = 0;
		};
		5BE70D6A282AF4A100E36372 /* Sources */ = {
			isa = PBXSourcesBuildPhase;
			buildActionMask = 2147483647;
			files = (
				5BE70DE0282B001600E36372 /* HelpModel.swift in Sources */,
				5BE70D74282AF4A100E36372 /* ContentView.swift in Sources */,
				5BE70D72282AF4A100E36372 /* MiniChallenge04_TestApp.swift in Sources */,
				5BE70DDC282B001600E36372 /* HelpSingleton.swift in Sources */,
			);
			runOnlyForDeploymentPostprocessing = 0;
		};
		5BE70D7F282AF68B00E36372 /* Sources */ = {
			isa = PBXSourcesBuildPhase;
			buildActionMask = 2147483647;
			files = (
				5BE70DE1282B001600E36372 /* HelpModel.swift in Sources */,
				5BE70D88282AF68B00E36372 /* ContentView.swift in Sources */,
				5BE70D86282AF68B00E36372 /* MiniChallenge04_Test_TvOSApp.swift in Sources */,
				5BE70DDD282B001600E36372 /* HelpSingleton.swift in Sources */,
			);
			runOnlyForDeploymentPostprocessing = 0;
		};
		5BE70D91282AF7CA00E36372 /* Sources */ = {
			isa = PBXSourcesBuildPhase;
			buildActionMask = 2147483647;
			files = (
				5BE70DE2282B001600E36372 /* HelpModel.swift in Sources */,
				5BE70D9A282AF7CA00E36372 /* ContentView.swift in Sources */,
				5BE70D98282AF7CA00E36372 /* iPadTVsApp.swift in Sources */,
				5BE70DDE282B001600E36372 /* HelpSingleton.swift in Sources */,
			);
			runOnlyForDeploymentPostprocessing = 0;
		};
/* End PBXSourcesBuildPhase section */

/* Begin XCBuildConfiguration section */
		5BE70D77282AF4A100E36372 /* Debug */ = {
			isa = XCBuildConfiguration;
			buildSettings = {
				ALWAYS_SEARCH_USER_PATHS = NO;
				CLANG_ANALYZER_NONNULL = YES;
				CLANG_ANALYZER_NUMBER_OBJECT_CONVERSION = YES_AGGRESSIVE;
				CLANG_CXX_LANGUAGE_STANDARD = "gnu++17";
				CLANG_ENABLE_MODULES = YES;
				CLANG_ENABLE_OBJC_ARC = YES;
				CLANG_ENABLE_OBJC_WEAK = YES;
				CLANG_WARN_BLOCK_CAPTURE_AUTORELEASING = YES;
				CLANG_WARN_BOOL_CONVERSION = YES;
				CLANG_WARN_COMMA = YES;
				CLANG_WARN_CONSTANT_CONVERSION = YES;
				CLANG_WARN_DEPRECATED_OBJC_IMPLEMENTATIONS = YES;
				CLANG_WARN_DIRECT_OBJC_ISA_USAGE = YES_ERROR;
				CLANG_WARN_DOCUMENTATION_COMMENTS = YES;
				CLANG_WARN_EMPTY_BODY = YES;
				CLANG_WARN_ENUM_CONVERSION = YES;
				CLANG_WARN_INFINITE_RECURSION = YES;
				CLANG_WARN_INT_CONVERSION = YES;
				CLANG_WARN_NON_LITERAL_NULL_CONVERSION = YES;
				CLANG_WARN_OBJC_IMPLICIT_RETAIN_SELF = YES;
				CLANG_WARN_OBJC_LITERAL_CONVERSION = YES;
				CLANG_WARN_OBJC_ROOT_CLASS = YES_ERROR;
				CLANG_WARN_QUOTED_INCLUDE_IN_FRAMEWORK_HEADER = YES;
				CLANG_WARN_RANGE_LOOP_ANALYSIS = YES;
				CLANG_WARN_STRICT_PROTOTYPES = YES;
				CLANG_WARN_SUSPICIOUS_MOVE = YES;
				CLANG_WARN_UNGUARDED_AVAILABILITY = YES_AGGRESSIVE;
				CLANG_WARN_UNREACHABLE_CODE = YES;
				CLANG_WARN__DUPLICATE_METHOD_MATCH = YES;
				COPY_PHASE_STRIP = NO;
				DEBUG_INFORMATION_FORMAT = dwarf;
				ENABLE_STRICT_OBJC_MSGSEND = YES;
				ENABLE_TESTABILITY = YES;
				GCC_C_LANGUAGE_STANDARD = gnu11;
				GCC_DYNAMIC_NO_PIC = NO;
				GCC_NO_COMMON_BLOCKS = YES;
				GCC_OPTIMIZATION_LEVEL = 0;
				GCC_PREPROCESSOR_DEFINITIONS = (
					"DEBUG=1",
					"$(inherited)",
				);
				GCC_WARN_64_TO_32_BIT_CONVERSION = YES;
				GCC_WARN_ABOUT_RETURN_TYPE = YES_ERROR;
				GCC_WARN_UNDECLARED_SELECTOR = YES;
				GCC_WARN_UNINITIALIZED_AUTOS = YES_AGGRESSIVE;
				GCC_WARN_UNUSED_FUNCTION = YES;
				GCC_WARN_UNUSED_VARIABLE = YES;
				MTL_ENABLE_DEBUG_INFO = INCLUDE_SOURCE;
				MTL_FAST_MATH = YES;
				ONLY_ACTIVE_ARCH = YES;
				SWIFT_ACTIVE_COMPILATION_CONDITIONS = DEBUG;
				SWIFT_OPTIMIZATION_LEVEL = "-Onone";
			};
			name = Debug;
		};
		5BE70D78282AF4A100E36372 /* Release */ = {
			isa = XCBuildConfiguration;
			buildSettings = {
				ALWAYS_SEARCH_USER_PATHS = NO;
				CLANG_ANALYZER_NONNULL = YES;
				CLANG_ANALYZER_NUMBER_OBJECT_CONVERSION = YES_AGGRESSIVE;
				CLANG_CXX_LANGUAGE_STANDARD = "gnu++17";
				CLANG_ENABLE_MODULES = YES;
				CLANG_ENABLE_OBJC_ARC = YES;
				CLANG_ENABLE_OBJC_WEAK = YES;
				CLANG_WARN_BLOCK_CAPTURE_AUTORELEASING = YES;
				CLANG_WARN_BOOL_CONVERSION = YES;
				CLANG_WARN_COMMA = YES;
				CLANG_WARN_CONSTANT_CONVERSION = YES;
				CLANG_WARN_DEPRECATED_OBJC_IMPLEMENTATIONS = YES;
				CLANG_WARN_DIRECT_OBJC_ISA_USAGE = YES_ERROR;
				CLANG_WARN_DOCUMENTATION_COMMENTS = YES;
				CLANG_WARN_EMPTY_BODY = YES;
				CLANG_WARN_ENUM_CONVERSION = YES;
				CLANG_WARN_INFINITE_RECURSION = YES;
				CLANG_WARN_INT_CONVERSION = YES;
				CLANG_WARN_NON_LITERAL_NULL_CONVERSION = YES;
				CLANG_WARN_OBJC_IMPLICIT_RETAIN_SELF = YES;
				CLANG_WARN_OBJC_LITERAL_CONVERSION = YES;
				CLANG_WARN_OBJC_ROOT_CLASS = YES_ERROR;
				CLANG_WARN_QUOTED_INCLUDE_IN_FRAMEWORK_HEADER = YES;
				CLANG_WARN_RANGE_LOOP_ANALYSIS = YES;
				CLANG_WARN_STRICT_PROTOTYPES = YES;
				CLANG_WARN_SUSPICIOUS_MOVE = YES;
				CLANG_WARN_UNGUARDED_AVAILABILITY = YES_AGGRESSIVE;
				CLANG_WARN_UNREACHABLE_CODE = YES;
				CLANG_WARN__DUPLICATE_METHOD_MATCH = YES;
				COPY_PHASE_STRIP = NO;
				DEBUG_INFORMATION_FORMAT = "dwarf-with-dsym";
				ENABLE_NS_ASSERTIONS = NO;
				ENABLE_STRICT_OBJC_MSGSEND = YES;
				GCC_C_LANGUAGE_STANDARD = gnu11;
				GCC_NO_COMMON_BLOCKS = YES;
				GCC_WARN_64_TO_32_BIT_CONVERSION = YES;
				GCC_WARN_ABOUT_RETURN_TYPE = YES_ERROR;
				GCC_WARN_UNDECLARED_SELECTOR = YES;
				GCC_WARN_UNINITIALIZED_AUTOS = YES_AGGRESSIVE;
				GCC_WARN_UNUSED_FUNCTION = YES;
				GCC_WARN_UNUSED_VARIABLE = YES;
				MTL_ENABLE_DEBUG_INFO = NO;
				MTL_FAST_MATH = YES;
				SWIFT_COMPILATION_MODE = wholemodule;
				SWIFT_OPTIMIZATION_LEVEL = "-O";
			};
			name = Release;
		};
		5BE70D7A282AF4A100E36372 /* Debug */ = {
			isa = XCBuildConfiguration;
			buildSettings = {
				ASSETCATALOG_COMPILER_APPICON_NAME = AppIcon;
				ASSETCATALOG_COMPILER_GLOBAL_ACCENT_COLOR_NAME = AccentColor;
				CODE_SIGN_STYLE = Automatic;
				CURRENT_PROJECT_VERSION = 1;
				DEVELOPMENT_TEAM = VWZ6P536SX;
				ENABLE_PREVIEWS = YES;
				GENERATE_INFOPLIST_FILE = YES;
				INFOPLIST_FILE = "MiniChallenge04-Test--iOS--Info.plist";
				INFOPLIST_KEY_UIApplicationSceneManifest_Generation = YES;
				INFOPLIST_KEY_UIApplicationSupportsIndirectInputEvents = YES;
				INFOPLIST_KEY_UILaunchScreen_Generation = YES;
				INFOPLIST_KEY_UISupportedInterfaceOrientations_iPad = "UIInterfaceOrientationPortrait UIInterfaceOrientationPortraitUpsideDown UIInterfaceOrientationLandscapeLeft UIInterfaceOrientationLandscapeRight";
				INFOPLIST_KEY_UISupportedInterfaceOrientations_iPhone = "UIInterfaceOrientationPortrait UIInterfaceOrientationLandscapeLeft UIInterfaceOrientationLandscapeRight";
				IPHONEOS_DEPLOYMENT_TARGET = 15.4;
				LD_RUNPATH_SEARCH_PATHS = (
					"$(inherited)",
					"@executable_path/Frameworks",
				);
				MARKETING_VERSION = 1.0;
				PRODUCT_BUNDLE_IDENTIFIER = "com.andrearns.MiniChallenge04-Test";
				PRODUCT_NAME = "MiniChallenge04-Test";
				SDKROOT = iphoneos;
				SWIFT_EMIT_LOC_STRINGS = YES;
				SWIFT_VERSION = 5.0;
				TARGETED_DEVICE_FAMILY = "1,2";
			};
			name = Debug;
		};
		5BE70D7B282AF4A100E36372 /* Release */ = {
			isa = XCBuildConfiguration;
			buildSettings = {
				ASSETCATALOG_COMPILER_APPICON_NAME = AppIcon;
				ASSETCATALOG_COMPILER_GLOBAL_ACCENT_COLOR_NAME = AccentColor;
				CODE_SIGN_STYLE = Automatic;
				CURRENT_PROJECT_VERSION = 1;
				DEVELOPMENT_TEAM = VWZ6P536SX;
				ENABLE_PREVIEWS = YES;
				GENERATE_INFOPLIST_FILE = YES;
				INFOPLIST_FILE = "MiniChallenge04-Test--iOS--Info.plist";
				INFOPLIST_KEY_UIApplicationSceneManifest_Generation = YES;
				INFOPLIST_KEY_UIApplicationSupportsIndirectInputEvents = YES;
				INFOPLIST_KEY_UILaunchScreen_Generation = YES;
				INFOPLIST_KEY_UISupportedInterfaceOrientations_iPad = "UIInterfaceOrientationPortrait UIInterfaceOrientationPortraitUpsideDown UIInterfaceOrientationLandscapeLeft UIInterfaceOrientationLandscapeRight";
				INFOPLIST_KEY_UISupportedInterfaceOrientations_iPhone = "UIInterfaceOrientationPortrait UIInterfaceOrientationLandscapeLeft UIInterfaceOrientationLandscapeRight";
				IPHONEOS_DEPLOYMENT_TARGET = 15.4;
				LD_RUNPATH_SEARCH_PATHS = (
					"$(inherited)",
					"@executable_path/Frameworks",
				);
				MARKETING_VERSION = 1.0;
				PRODUCT_BUNDLE_IDENTIFIER = "com.andrearns.MiniChallenge04-Test";
				PRODUCT_NAME = "MiniChallenge04-Test";
				SDKROOT = iphoneos;
				SWIFT_EMIT_LOC_STRINGS = YES;
				SWIFT_VERSION = 5.0;
				TARGETED_DEVICE_FAMILY = "1,2";
				VALIDATE_PRODUCT = YES;
			};
			name = Release;
		};
		5BE70D7D282AF4A100E36372 /* Debug */ = {
			isa = XCBuildConfiguration;
			buildSettings = {
				ASSETCATALOG_COMPILER_APPICON_NAME = AppIcon;
				ASSETCATALOG_COMPILER_GLOBAL_ACCENT_COLOR_NAME = AccentColor;
				CODE_SIGN_ENTITLEMENTS = macOS/macOS.entitlements;
				CODE_SIGN_STYLE = Automatic;
				COMBINE_HIDPI_IMAGES = YES;
				CURRENT_PROJECT_VERSION = 1;
				DEVELOPMENT_TEAM = VWZ6P536SX;
				ENABLE_HARDENED_RUNTIME = YES;
				ENABLE_PREVIEWS = YES;
				GENERATE_INFOPLIST_FILE = YES;
				INFOPLIST_KEY_NSHumanReadableCopyright = "";
				LD_RUNPATH_SEARCH_PATHS = (
					"$(inherited)",
					"@executable_path/../Frameworks",
				);
				MACOSX_DEPLOYMENT_TARGET = 12.3;
				MARKETING_VERSION = 1.0;
				PRODUCT_BUNDLE_IDENTIFIER = "com.andrearns.MiniChallenge04-Test";
				PRODUCT_NAME = "MiniChallenge04-Test";
				SDKROOT = macosx;
				SWIFT_EMIT_LOC_STRINGS = YES;
				SWIFT_VERSION = 5.0;
			};
			name = Debug;
		};
		5BE70D7E282AF4A100E36372 /* Release */ = {
			isa = XCBuildConfiguration;
			buildSettings = {
				ASSETCATALOG_COMPILER_APPICON_NAME = AppIcon;
				ASSETCATALOG_COMPILER_GLOBAL_ACCENT_COLOR_NAME = AccentColor;
				CODE_SIGN_ENTITLEMENTS = macOS/macOS.entitlements;
				CODE_SIGN_STYLE = Automatic;
				COMBINE_HIDPI_IMAGES = YES;
				CURRENT_PROJECT_VERSION = 1;
				DEVELOPMENT_TEAM = VWZ6P536SX;
				ENABLE_HARDENED_RUNTIME = YES;
				ENABLE_PREVIEWS = YES;
				GENERATE_INFOPLIST_FILE = YES;
				INFOPLIST_KEY_NSHumanReadableCopyright = "";
				LD_RUNPATH_SEARCH_PATHS = (
					"$(inherited)",
					"@executable_path/../Frameworks",
				);
				MACOSX_DEPLOYMENT_TARGET = 12.3;
				MARKETING_VERSION = 1.0;
				PRODUCT_BUNDLE_IDENTIFIER = "com.andrearns.MiniChallenge04-Test";
				PRODUCT_NAME = "MiniChallenge04-Test";
				SDKROOT = macosx;
				SWIFT_EMIT_LOC_STRINGS = YES;
				SWIFT_VERSION = 5.0;
			};
			name = Release;
		};
		5BE70D8F282AF68C00E36372 /* Debug */ = {
			isa = XCBuildConfiguration;
			buildSettings = {
				ASSETCATALOG_COMPILER_APPICON_NAME = "App Icon & Top Shelf Image";
				ASSETCATALOG_COMPILER_GLOBAL_ACCENT_COLOR_NAME = AccentColor;
				CODE_SIGN_STYLE = Automatic;
				CURRENT_PROJECT_VERSION = 1;
				DEVELOPMENT_ASSET_PATHS = "\"MiniChallenge04-Test-TvOS/Preview Content\"";
				DEVELOPMENT_TEAM = VWZ6P536SX;
				ENABLE_PREVIEWS = YES;
				GENERATE_INFOPLIST_FILE = YES;
				INFOPLIST_KEY_UILaunchScreen_Generation = YES;
				INFOPLIST_KEY_UIUserInterfaceStyle = Automatic;
				LD_RUNPATH_SEARCH_PATHS = (
					"$(inherited)",
					"@executable_path/Frameworks",
				);
				MARKETING_VERSION = 1.0;
				PRODUCT_BUNDLE_IDENTIFIER = "com.andrearns.MiniChallenge04-Test-TvOS";
				PRODUCT_NAME = "$(TARGET_NAME)";
				SDKROOT = appletvos;
				SWIFT_EMIT_LOC_STRINGS = YES;
				SWIFT_VERSION = 5.0;
				TARGETED_DEVICE_FAMILY = 3;
				TVOS_DEPLOYMENT_TARGET = 15.4;
			};
			name = Debug;
		};
		5BE70D90282AF68C00E36372 /* Release */ = {
			isa = XCBuildConfiguration;
			buildSettings = {
				ASSETCATALOG_COMPILER_APPICON_NAME = "App Icon & Top Shelf Image";
				ASSETCATALOG_COMPILER_GLOBAL_ACCENT_COLOR_NAME = AccentColor;
				CODE_SIGN_STYLE = Automatic;
				CURRENT_PROJECT_VERSION = 1;
				DEVELOPMENT_ASSET_PATHS = "\"MiniChallenge04-Test-TvOS/Preview Content\"";
				DEVELOPMENT_TEAM = VWZ6P536SX;
				ENABLE_PREVIEWS = YES;
				GENERATE_INFOPLIST_FILE = YES;
				INFOPLIST_KEY_UILaunchScreen_Generation = YES;
				INFOPLIST_KEY_UIUserInterfaceStyle = Automatic;
				LD_RUNPATH_SEARCH_PATHS = (
					"$(inherited)",
					"@executable_path/Frameworks",
				);
				MARKETING_VERSION = 1.0;
				PRODUCT_BUNDLE_IDENTIFIER = "com.andrearns.MiniChallenge04-Test-TvOS";
				PRODUCT_NAME = "$(TARGET_NAME)";
				SDKROOT = appletvos;
				SWIFT_EMIT_LOC_STRINGS = YES;
				SWIFT_VERSION = 5.0;
				TARGETED_DEVICE_FAMILY = 3;
				TVOS_DEPLOYMENT_TARGET = 15.4;
				VALIDATE_PRODUCT = YES;
			};
			name = Release;
		};
		5BE70DA1282AF7CC00E36372 /* Debug */ = {
			isa = XCBuildConfiguration;
			buildSettings = {
				ASSETCATALOG_COMPILER_APPICON_NAME = AppIcon;
				ASSETCATALOG_COMPILER_GLOBAL_ACCENT_COLOR_NAME = AccentColor;
				CODE_SIGN_STYLE = Automatic;
				CURRENT_PROJECT_VERSION = 1;
				DEVELOPMENT_ASSET_PATHS = "\"iPadTVs/Preview Content\"";
				DEVELOPMENT_TEAM = VWZ6P536SX;
				ENABLE_PREVIEWS = YES;
				GENERATE_INFOPLIST_FILE = YES;
				INFOPLIST_FILE = iPadTVs/Info.plist;
				INFOPLIST_KEY_UIApplicationSupportsIndirectInputEvents = YES;
				INFOPLIST_KEY_UILaunchScreen_Generation = YES;
				INFOPLIST_KEY_UIRequiresFullScreen = YES;
				INFOPLIST_KEY_UISupportedInterfaceOrientations_iPad = UIInterfaceOrientationLandscapeLeft;
				INFOPLIST_KEY_UISupportedInterfaceOrientations_iPhone = "UIInterfaceOrientationPortrait UIInterfaceOrientationLandscapeLeft UIInterfaceOrientationLandscapeRight";
				IPHONEOS_DEPLOYMENT_TARGET = 15.4;
				LD_RUNPATH_SEARCH_PATHS = (
					"$(inherited)",
					"@executable_path/Frameworks",
				);
				MARKETING_VERSION = 1.0;
				PRODUCT_BUNDLE_IDENTIFIER = com.andrearns.iPadTVs;
				PRODUCT_NAME = "$(TARGET_NAME)";
				SDKROOT = iphoneos;
				SWIFT_EMIT_LOC_STRINGS = YES;
				SWIFT_VERSION = 5.0;
				TARGETED_DEVICE_FAMILY = 2;
			};
			name = Debug;
		};
		5BE70DA2282AF7CC00E36372 /* Release */ = {
			isa = XCBuildConfiguration;
			buildSettings = {
				ASSETCATALOG_COMPILER_APPICON_NAME = AppIcon;
				ASSETCATALOG_COMPILER_GLOBAL_ACCENT_COLOR_NAME = AccentColor;
				CODE_SIGN_STYLE = Automatic;
				CURRENT_PROJECT_VERSION = 1;
				DEVELOPMENT_ASSET_PATHS = "\"iPadTVs/Preview Content\"";
				DEVELOPMENT_TEAM = VWZ6P536SX;
				ENABLE_PREVIEWS = YES;
				GENERATE_INFOPLIST_FILE = YES;
				INFOPLIST_FILE = iPadTVs/Info.plist;
				INFOPLIST_KEY_UIApplicationSupportsIndirectInputEvents = YES;
				INFOPLIST_KEY_UILaunchScreen_Generation = YES;
				INFOPLIST_KEY_UIRequiresFullScreen = YES;
				INFOPLIST_KEY_UISupportedInterfaceOrientations_iPad = UIInterfaceOrientationLandscapeLeft;
				INFOPLIST_KEY_UISupportedInterfaceOrientations_iPhone = "UIInterfaceOrientationPortrait UIInterfaceOrientationLandscapeLeft UIInterfaceOrientationLandscapeRight";
				IPHONEOS_DEPLOYMENT_TARGET = 15.4;
				LD_RUNPATH_SEARCH_PATHS = (
					"$(inherited)",
					"@executable_path/Frameworks",
				);
				MARKETING_VERSION = 1.0;
				PRODUCT_BUNDLE_IDENTIFIER = com.andrearns.iPadTVs;
				PRODUCT_NAME = "$(TARGET_NAME)";
				SDKROOT = iphoneos;
				SWIFT_EMIT_LOC_STRINGS = YES;
				SWIFT_VERSION = 5.0;
				TARGETED_DEVICE_FAMILY = 2;
				VALIDATE_PRODUCT = YES;
			};
			name = Release;
		};
/* End XCBuildConfiguration section */

/* Begin XCConfigurationList section */
		5BE70D5F282AF49E00E36372 /* Build configuration list for PBXProject "MiniChallenge04-Test" */ = {
			isa = XCConfigurationList;
			buildConfigurations = (
				5BE70D77282AF4A100E36372 /* Debug */,
				5BE70D78282AF4A100E36372 /* Release */,
			);
			defaultConfigurationIsVisible = 0;
			defaultConfigurationName = Release;
		};
		5BE70D79282AF4A100E36372 /* Build configuration list for PBXNativeTarget "MiniChallenge04-Test (iOS)" */ = {
			isa = XCConfigurationList;
			buildConfigurations = (
				5BE70D7A282AF4A100E36372 /* Debug */,
				5BE70D7B282AF4A100E36372 /* Release */,
			);
			defaultConfigurationIsVisible = 0;
			defaultConfigurationName = Release;
		};
		5BE70D7C282AF4A100E36372 /* Build configuration list for PBXNativeTarget "MiniChallenge04-Test (macOS)" */ = {
			isa = XCConfigurationList;
			buildConfigurations = (
				5BE70D7D282AF4A100E36372 /* Debug */,
				5BE70D7E282AF4A100E36372 /* Release */,
			);
			defaultConfigurationIsVisible = 0;
			defaultConfigurationName = Release;
		};
		5BE70D8E282AF68C00E36372 /* Build configuration list for PBXNativeTarget "MiniChallenge04-Test-TvOS" */ = {
			isa = XCConfigurationList;
			buildConfigurations = (
				5BE70D8F282AF68C00E36372 /* Debug */,
				5BE70D90282AF68C00E36372 /* Release */,
			);
			defaultConfigurationIsVisible = 0;
			defaultConfigurationName = Release;
		};
		5BE70DA0282AF7CC00E36372 /* Build configuration list for PBXNativeTarget "iPadTVs" */ = {
			isa = XCConfigurationList;
			buildConfigurations = (
				5BE70DA1282AF7CC00E36372 /* Debug */,
				5BE70DA2282AF7CC00E36372 /* Release */,
			);
			defaultConfigurationIsVisible = 0;
			defaultConfigurationName = Release;
		};
/* End XCConfigurationList section */
	};
	rootObject = 5BE70D5C282AF49E00E36372 /* Project object */;
}
