// !$*UTF8*$!
{
	archiveVersion = 1;
	classes = {
	};
	objectVersion = 55;
	objects = {

/* Begin PBXBuildFile section */
		5BE70D86282AF68B00E36372 /* MonolitoApp.swift in Sources */ = {isa = PBXBuildFile; fileRef = 5BE70D85282AF68B00E36372 /* MonolitoApp.swift */; };
		5BE70D88282AF68B00E36372 /* ContentView.swift in Sources */ = {isa = PBXBuildFile; fileRef = 5BE70D87282AF68B00E36372 /* ContentView.swift */; };
		5BE70D8A282AF68C00E36372 /* Assets.xcassets in Resources */ = {isa = PBXBuildFile; fileRef = 5BE70D89282AF68C00E36372 /* Assets.xcassets */; };
		5BE70D8D282AF68C00E36372 /* Preview Assets.xcassets in Resources */ = {isa = PBXBuildFile; fileRef = 5BE70D8C282AF68C00E36372 /* Preview Assets.xcassets */; };
		5BE70D98282AF7CA00E36372 /* iPadLabsApp.swift in Sources */ = {isa = PBXBuildFile; fileRef = 5BE70D97282AF7CA00E36372 /* iPadLabsApp.swift */; };
		5BE70D9A282AF7CA00E36372 /* ContentView.swift in Sources */ = {isa = PBXBuildFile; fileRef = 5BE70D99282AF7CA00E36372 /* ContentView.swift */; };
		5BE70D9C282AF7CC00E36372 /* Assets.xcassets in Resources */ = {isa = PBXBuildFile; fileRef = 5BE70D9B282AF7CC00E36372 /* Assets.xcassets */; };
		5BE70D9F282AF7CC00E36372 /* Preview Assets.xcassets in Resources */ = {isa = PBXBuildFile; fileRef = 5BE70D9E282AF7CC00E36372 /* Preview Assets.xcassets */; };
		5BE70DDD282B001600E36372 /* HelpSingleton.swift in Sources */ = {isa = PBXBuildFile; fileRef = 5BE70DD9282B001600E36372 /* HelpSingleton.swift */; };
		5BE70DE1282B001600E36372 /* HelpModel.swift in Sources */ = {isa = PBXBuildFile; fileRef = 5BE70DDA282B001600E36372 /* HelpModel.swift */; };
		5BE70DE2282B001600E36372 /* HelpModel.swift in Sources */ = {isa = PBXBuildFile; fileRef = 5BE70DDA282B001600E36372 /* HelpModel.swift */; };
		5BE70DE7282B1C7700E36372 /* AnnouncementModel.swift in Sources */ = {isa = PBXBuildFile; fileRef = 5BE70DE4282B1C7600E36372 /* AnnouncementModel.swift */; };
		5BE70DE8282B1C7700E36372 /* AnnouncementModel.swift in Sources */ = {isa = PBXBuildFile; fileRef = 5BE70DE4282B1C7600E36372 /* AnnouncementModel.swift */; };
		5BE70DEF282B1FFF00E36372 /* UserModel.swift in Sources */ = {isa = PBXBuildFile; fileRef = 5BE70DEE282B1FFF00E36372 /* UserModel.swift */; };
		5BE70DF0282B1FFF00E36372 /* UserModel.swift in Sources */ = {isa = PBXBuildFile; fileRef = 5BE70DEE282B1FFF00E36372 /* UserModel.swift */; };
		5BE70DFA282B214E00E36372 /* StudentsApp.swift in Sources */ = {isa = PBXBuildFile; fileRef = 5BE70DF9282B214E00E36372 /* StudentsApp.swift */; };
		5BE70DFC282B214E00E36372 /* HelpListView.swift in Sources */ = {isa = PBXBuildFile; fileRef = 5BE70DFB282B214E00E36372 /* HelpListView.swift */; };
		5BE70DFE282B214F00E36372 /* Assets.xcassets in Resources */ = {isa = PBXBuildFile; fileRef = 5BE70DFD282B214F00E36372 /* Assets.xcassets */; };
		5BE70E01282B214F00E36372 /* Preview Assets.xcassets in Resources */ = {isa = PBXBuildFile; fileRef = 5BE70E00282B214F00E36372 /* Preview Assets.xcassets */; };
		5BE70E0A282B258800E36372 /* RequestForHelpModalView.swift in Sources */ = {isa = PBXBuildFile; fileRef = 5BE70E09282B258700E36372 /* RequestForHelpModalView.swift */; };
		5BE70E0B282B35E900E36372 /* HelpSingleton.swift in Sources */ = {isa = PBXBuildFile; fileRef = 5BE70DD9282B001600E36372 /* HelpSingleton.swift */; };
		5BE70E0C282B35EA00E36372 /* HelpSingleton.swift in Sources */ = {isa = PBXBuildFile; fileRef = 5BE70DD9282B001600E36372 /* HelpSingleton.swift */; };
		5BE70E0D282B360100E36372 /* HelpModel.swift in Sources */ = {isa = PBXBuildFile; fileRef = 5BE70DDA282B001600E36372 /* HelpModel.swift */; };
		5BE70E10282B377400E36372 /* HelpCard.swift in Sources */ = {isa = PBXBuildFile; fileRef = 5BE70E0F282B377400E36372 /* HelpCard.swift */; };
/* End PBXBuildFile section */

/* Begin PBXFileReference section */
		5BE70D63282AF4A100E36372 /* Assets.xcassets */ = {isa = PBXFileReference; lastKnownFileType = folder.assetcatalog; path = Assets.xcassets; sourceTree = "<group>"; };
		5BE70D83282AF68B00E36372 /* Monolito.app */ = {isa = PBXFileReference; explicitFileType = wrapper.application; includeInIndex = 0; path = Monolito.app; sourceTree = BUILT_PRODUCTS_DIR; };
		5BE70D85282AF68B00E36372 /* MonolitoApp.swift */ = {isa = PBXFileReference; lastKnownFileType = sourcecode.swift; path = MonolitoApp.swift; sourceTree = "<group>"; };
		5BE70D87282AF68B00E36372 /* ContentView.swift */ = {isa = PBXFileReference; lastKnownFileType = sourcecode.swift; path = ContentView.swift; sourceTree = "<group>"; };
		5BE70D89282AF68C00E36372 /* Assets.xcassets */ = {isa = PBXFileReference; lastKnownFileType = folder.assetcatalog; path = Assets.xcassets; sourceTree = "<group>"; };
		5BE70D8C282AF68C00E36372 /* Preview Assets.xcassets */ = {isa = PBXFileReference; lastKnownFileType = folder.assetcatalog; path = "Preview Assets.xcassets"; sourceTree = "<group>"; };
		5BE70D95282AF7CA00E36372 /* iPadTVs.app */ = {isa = PBXFileReference; explicitFileType = wrapper.application; includeInIndex = 0; path = iPadTVs.app; sourceTree = BUILT_PRODUCTS_DIR; };
		5BE70D97282AF7CA00E36372 /* iPadLabsApp.swift */ = {isa = PBXFileReference; lastKnownFileType = sourcecode.swift; path = iPadLabsApp.swift; sourceTree = "<group>"; };
		5BE70D99282AF7CA00E36372 /* ContentView.swift */ = {isa = PBXFileReference; lastKnownFileType = sourcecode.swift; path = ContentView.swift; sourceTree = "<group>"; };
		5BE70D9B282AF7CC00E36372 /* Assets.xcassets */ = {isa = PBXFileReference; lastKnownFileType = folder.assetcatalog; path = Assets.xcassets; sourceTree = "<group>"; };
		5BE70D9E282AF7CC00E36372 /* Preview Assets.xcassets */ = {isa = PBXFileReference; lastKnownFileType = folder.assetcatalog; path = "Preview Assets.xcassets"; sourceTree = "<group>"; };
		5BE70DD2282AFEEC00E36372 /* MiniChallenge04-Test--iOS--Info.plist */ = {isa = PBXFileReference; lastKnownFileType = text.plist; path = "MiniChallenge04-Test--iOS--Info.plist"; sourceTree = "<group>"; };
		5BE70DD9282B001600E36372 /* HelpSingleton.swift */ = {isa = PBXFileReference; fileEncoding = 4; lastKnownFileType = sourcecode.swift; path = HelpSingleton.swift; sourceTree = "<group>"; };
		5BE70DDA282B001600E36372 /* HelpModel.swift */ = {isa = PBXFileReference; fileEncoding = 4; lastKnownFileType = sourcecode.swift; path = HelpModel.swift; sourceTree = "<group>"; };
		5BE70DE4282B1C7600E36372 /* AnnouncementModel.swift */ = {isa = PBXFileReference; lastKnownFileType = sourcecode.swift; path = AnnouncementModel.swift; sourceTree = "<group>"; };
		5BE70DEE282B1FFF00E36372 /* UserModel.swift */ = {isa = PBXFileReference; lastKnownFileType = sourcecode.swift; path = UserModel.swift; sourceTree = "<group>"; };
		5BE70DF7282B214E00E36372 /* iOS-Students.app */ = {isa = PBXFileReference; explicitFileType = wrapper.application; includeInIndex = 0; path = "iOS-Students.app"; sourceTree = BUILT_PRODUCTS_DIR; };
		5BE70DF9282B214E00E36372 /* StudentsApp.swift */ = {isa = PBXFileReference; lastKnownFileType = sourcecode.swift; path = StudentsApp.swift; sourceTree = "<group>"; };
		5BE70DFB282B214E00E36372 /* HelpListView.swift */ = {isa = PBXFileReference; lastKnownFileType = sourcecode.swift; path = HelpListView.swift; sourceTree = "<group>"; };
		5BE70DFD282B214F00E36372 /* Assets.xcassets */ = {isa = PBXFileReference; lastKnownFileType = folder.assetcatalog; path = Assets.xcassets; sourceTree = "<group>"; };
		5BE70E00282B214F00E36372 /* Preview Assets.xcassets */ = {isa = PBXFileReference; lastKnownFileType = folder.assetcatalog; path = "Preview Assets.xcassets"; sourceTree = "<group>"; };
		5BE70E09282B258700E36372 /* RequestForHelpModalView.swift */ = {isa = PBXFileReference; lastKnownFileType = sourcecode.swift; path = RequestForHelpModalView.swift; sourceTree = "<group>"; };
		5BE70E0F282B377400E36372 /* HelpCard.swift */ = {isa = PBXFileReference; lastKnownFileType = sourcecode.swift; path = HelpCard.swift; sourceTree = "<group>"; };
/* End PBXFileReference section */

/* Begin PBXFrameworksBuildPhase section */
		5BE70D80282AF68B00E36372 /* Frameworks */ = {
			isa = PBXFrameworksBuildPhase;
			buildActionMask = 2147483647;
			files = (
			);
			runOnlyForDeploymentPostprocessing = 0;
		};
		5BE70D92282AF7CA00E36372 /* Frameworks */ = {
			isa = PBXFrameworksBuildPhase;
			buildActionMask = 2147483647;
			files = (
			);
			runOnlyForDeploymentPostprocessing = 0;
		};
		5BE70DF4282B214E00E36372 /* Frameworks */ = {
			isa = PBXFrameworksBuildPhase;
			buildActionMask = 2147483647;
			files = (
			);
			runOnlyForDeploymentPostprocessing = 0;
		};
/* End PBXFrameworksBuildPhase section */

/* Begin PBXGroup section */
		5BE70D5B282AF49E00E36372 = {
			isa = PBXGroup;
			children = (
				5BE70DD2282AFEEC00E36372 /* MiniChallenge04-Test--iOS--Info.plist */,
				5BE70D60282AF49F00E36372 /* Shared */,
				5BE70D84282AF68B00E36372 /* tvOS-Monolito */,
				5BE70D96282AF7CA00E36372 /* iOS-iPadLabs */,
				5BE70DF8282B214E00E36372 /* iOS-Students */,
				5BE70D69282AF4A100E36372 /* Products */,
				5BE70DCF282AFEE900E36372 /* Frameworks */,
			);
			sourceTree = "<group>";
		};
		5BE70D60282AF49F00E36372 /* Shared */ = {
			isa = PBXGroup;
			children = (
				5BE70DEC282B1CE700E36372 /* Network */,
				5BE70DEB282B1CE200E36372 /* Domain */,
				5BE70D63282AF4A100E36372 /* Assets.xcassets */,
				5BE70DEA282B1C9500E36372 /* Mocks */,
			);
			path = Shared;
			sourceTree = "<group>";
		};
		5BE70D69282AF4A100E36372 /* Products */ = {
			isa = PBXGroup;
			children = (
				5BE70D83282AF68B00E36372 /* Monolito.app */,
				5BE70D95282AF7CA00E36372 /* iPadTVs.app */,
				5BE70DF7282B214E00E36372 /* iOS-Students.app */,
			);
			name = Products;
			sourceTree = "<group>";
		};
		5BE70D84282AF68B00E36372 /* tvOS-Monolito */ = {
			isa = PBXGroup;
			children = (
				5BE70E08282B21A400E36372 /* View Models */,
				5BE70DF1282B20FA00E36372 /* Views */,
				5BE70D85282AF68B00E36372 /* MonolitoApp.swift */,
				5BE70D89282AF68C00E36372 /* Assets.xcassets */,
				5BE70D8B282AF68C00E36372 /* Preview Content */,
			);
			path = "tvOS-Monolito";
			sourceTree = "<group>";
		};
		5BE70D8B282AF68C00E36372 /* Preview Content */ = {
			isa = PBXGroup;
			children = (
				5BE70D8C282AF68C00E36372 /* Preview Assets.xcassets */,
			);
			path = "Preview Content";
			sourceTree = "<group>";
		};
		5BE70D96282AF7CA00E36372 /* iOS-iPadLabs */ = {
			isa = PBXGroup;
			children = (
				5BE70E07282B219700E36372 /* View Models */,
				5BE70DF2282B210600E36372 /* Views */,
				5BE70D97282AF7CA00E36372 /* iPadLabsApp.swift */,
				5BE70D9B282AF7CC00E36372 /* Assets.xcassets */,
				5BE70D9D282AF7CC00E36372 /* Preview Content */,
			);
			path = "iOS-iPadLabs";
			sourceTree = "<group>";
		};
		5BE70D9D282AF7CC00E36372 /* Preview Content */ = {
			isa = PBXGroup;
			children = (
				5BE70D9E282AF7CC00E36372 /* Preview Assets.xcassets */,
			);
			path = "Preview Content";
			sourceTree = "<group>";
		};
		5BE70DCF282AFEE900E36372 /* Frameworks */ = {
			isa = PBXGroup;
			children = (
			);
			name = Frameworks;
			sourceTree = "<group>";
		};
		5BE70DE9282B1C7E00E36372 /* Models */ = {
			isa = PBXGroup;
			children = (
				5BE70DE4282B1C7600E36372 /* AnnouncementModel.swift */,
				5BE70DDA282B001600E36372 /* HelpModel.swift */,
				5BE70DEE282B1FFF00E36372 /* UserModel.swift */,
			);
			path = Models;
			sourceTree = "<group>";
		};
		5BE70DEA282B1C9500E36372 /* Mocks */ = {
			isa = PBXGroup;
			children = (
				5BE70DD9282B001600E36372 /* HelpSingleton.swift */,
			);
			path = Mocks;
			sourceTree = "<group>";
		};
		5BE70DEB282B1CE200E36372 /* Domain */ = {
			isa = PBXGroup;
			children = (
				5BE70DE9282B1C7E00E36372 /* Models */,
			);
			path = Domain;
			sourceTree = "<group>";
		};
		5BE70DEC282B1CE700E36372 /* Network */ = {
			isa = PBXGroup;
			children = (
			);
			path = Network;
			sourceTree = "<group>";
		};
		5BE70DF1282B20FA00E36372 /* Views */ = {
			isa = PBXGroup;
			children = (
				5BE70D87282AF68B00E36372 /* ContentView.swift */,
			);
			path = Views;
			sourceTree = "<group>";
		};
		5BE70DF2282B210600E36372 /* Views */ = {
			isa = PBXGroup;
			children = (
				5BE70D99282AF7CA00E36372 /* ContentView.swift */,
			);
			path = Views;
			sourceTree = "<group>";
		};
		5BE70DF8282B214E00E36372 /* iOS-Students */ = {
			isa = PBXGroup;
			children = (
				5BE70E06282B219000E36372 /* View Models */,
				5BE70E05282B218500E36372 /* Views */,
				5BE70DF9282B214E00E36372 /* StudentsApp.swift */,
				5BE70DFD282B214F00E36372 /* Assets.xcassets */,
				5BE70DFF282B214F00E36372 /* Preview Content */,
			);
			path = "iOS-Students";
			sourceTree = "<group>";
		};
		5BE70DFF282B214F00E36372 /* Preview Content */ = {
			isa = PBXGroup;
			children = (
				5BE70E00282B214F00E36372 /* Preview Assets.xcassets */,
			);
			path = "Preview Content";
			sourceTree = "<group>";
		};
		5BE70E05282B218500E36372 /* Views */ = {
			isa = PBXGroup;
			children = (
				5BE70E0E282B376500E36372 /* Components */,
				5BE70DFB282B214E00E36372 /* HelpListView.swift */,
				5BE70E09282B258700E36372 /* RequestForHelpModalView.swift */,
			);
			path = Views;
			sourceTree = "<group>";
		};
		5BE70E06282B219000E36372 /* View Models */ = {
			isa = PBXGroup;
			children = (
			);
			path = "View Models";
			sourceTree = "<group>";
		};
		5BE70E07282B219700E36372 /* View Models */ = {
			isa = PBXGroup;
			children = (
			);
			path = "View Models";
			sourceTree = "<group>";
		};
		5BE70E08282B21A400E36372 /* View Models */ = {
			isa = PBXGroup;
			children = (
			);
			path = "View Models";
			sourceTree = "<group>";
		};
		5BE70E0E282B376500E36372 /* Components */ = {
			isa = PBXGroup;
			children = (
				5BE70E0F282B377400E36372 /* HelpCard.swift */,
			);
			path = Components;
			sourceTree = "<group>";
		};
/* End PBXGroup section */

/* Begin PBXNativeTarget section */
		5BE70D82282AF68B00E36372 /* MiniChallenge04-Test-TvOS */ = {
			isa = PBXNativeTarget;
			buildConfigurationList = 5BE70D8E282AF68C00E36372 /* Build configuration list for PBXNativeTarget "MiniChallenge04-Test-TvOS" */;
			buildPhases = (
				5BE70D7F282AF68B00E36372 /* Sources */,
				5BE70D80282AF68B00E36372 /* Frameworks */,
				5BE70D81282AF68B00E36372 /* Resources */,
			);
			buildRules = (
			);
			dependencies = (
			);
			name = "MiniChallenge04-Test-TvOS";
			packageProductDependencies = (
			);
			productName = "MiniChallenge04-Test-TvOS";
			productReference = 5BE70D83282AF68B00E36372 /* Monolito.app */;
			productType = "com.apple.product-type.application";
		};
		5BE70D94282AF7CA00E36372 /* iPadTVs */ = {
			isa = PBXNativeTarget;
			buildConfigurationList = 5BE70DA0282AF7CC00E36372 /* Build configuration list for PBXNativeTarget "iPadTVs" */;
			buildPhases = (
				5BE70D91282AF7CA00E36372 /* Sources */,
				5BE70D92282AF7CA00E36372 /* Frameworks */,
				5BE70D93282AF7CA00E36372 /* Resources */,
			);
			buildRules = (
			);
			dependencies = (
			);
			name = iPadTVs;
			packageProductDependencies = (
			);
			productName = iPadTVs;
			productReference = 5BE70D95282AF7CA00E36372 /* iPadTVs.app */;
			productType = "com.apple.product-type.application";
		};
		5BE70DF6282B214E00E36372 /* iOS-Students */ = {
			isa = PBXNativeTarget;
			buildConfigurationList = 5BE70E02282B214F00E36372 /* Build configuration list for PBXNativeTarget "iOS-Students" */;
			buildPhases = (
				5BE70DF3282B214E00E36372 /* Sources */,
				5BE70DF4282B214E00E36372 /* Frameworks */,
				5BE70DF5282B214E00E36372 /* Resources */,
			);
			buildRules = (
			);
			dependencies = (
			);
			name = "iOS-Students";
			productName = "iOS-Students";
			productReference = 5BE70DF7282B214E00E36372 /* iOS-Students.app */;
			productType = "com.apple.product-type.application";
		};
/* End PBXNativeTarget section */

/* Begin PBXProject section */
		5BE70D5C282AF49E00E36372 /* Project object */ = {
			isa = PBXProject;
			attributes = {
				BuildIndependentTargetsInParallel = 1;
				LastSwiftUpdateCheck = 1330;
				LastUpgradeCheck = 1330;
				TargetAttributes = {
					5BE70D82282AF68B00E36372 = {
						CreatedOnToolsVersion = 13.3.1;
					};
					5BE70D94282AF7CA00E36372 = {
						CreatedOnToolsVersion = 13.3.1;
					};
					5BE70DF6282B214E00E36372 = {
						CreatedOnToolsVersion = 13.3.1;
					};
				};
			};
			buildConfigurationList = 5BE70D5F282AF49E00E36372 /* Build configuration list for PBXProject "MiniChallenge04-Test" */;
			compatibilityVersion = "Xcode 13.0";
			developmentRegion = en;
			hasScannedForEncodings = 0;
			knownRegions = (
				en,
				Base,
			);
			mainGroup = 5BE70D5B282AF49E00E36372;
			productRefGroup = 5BE70D69282AF4A100E36372 /* Products */;
			projectDirPath = "";
			projectRoot = "";
			targets = (
				5BE70D82282AF68B00E36372 /* MiniChallenge04-Test-TvOS */,
				5BE70D94282AF7CA00E36372 /* iPadTVs */,
				5BE70DF6282B214E00E36372 /* iOS-Students */,
			);
		};
/* End PBXProject section */

/* Begin PBXResourcesBuildPhase section */
		5BE70D81282AF68B00E36372 /* Resources */ = {
			isa = PBXResourcesBuildPhase;
			buildActionMask = 2147483647;
			files = (
				5BE70D8D282AF68C00E36372 /* Preview Assets.xcassets in Resources */,
				5BE70D8A282AF68C00E36372 /* Assets.xcassets in Resources */,
			);
			runOnlyForDeploymentPostprocessing = 0;
		};
		5BE70D93282AF7CA00E36372 /* Resources */ = {
			isa = PBXResourcesBuildPhase;
			buildActionMask = 2147483647;
			files = (
				5BE70D9F282AF7CC00E36372 /* Preview Assets.xcassets in Resources */,
				5BE70D9C282AF7CC00E36372 /* Assets.xcassets in Resources */,
			);
			runOnlyForDeploymentPostprocessing = 0;
		};
		5BE70DF5282B214E00E36372 /* Resources */ = {
			isa = PBXResourcesBuildPhase;
			buildActionMask = 2147483647;
			files = (
				5BE70E01282B214F00E36372 /* Preview Assets.xcassets in Resources */,
				5BE70DFE282B214F00E36372 /* Assets.xcassets in Resources */,
			);
			runOnlyForDeploymentPostprocessing = 0;
		};
/* End PBXResourcesBuildPhase section */

/* Begin PBXSourcesBuildPhase section */
		5BE70D7F282AF68B00E36372 /* Sources */ = {
			isa = PBXSourcesBuildPhase;
			buildActionMask = 2147483647;
			files = (
				5BE70DE1282B001600E36372 /* HelpModel.swift in Sources */,
				5BE70D88282AF68B00E36372 /* ContentView.swift in Sources */,
				5BE70D86282AF68B00E36372 /* MonolitoApp.swift in Sources */,
				5BE70DE7282B1C7700E36372 /* AnnouncementModel.swift in Sources */,
				5BE70DEF282B1FFF00E36372 /* UserModel.swift in Sources */,
				5BE70DDD282B001600E36372 /* HelpSingleton.swift in Sources */,
			);
			runOnlyForDeploymentPostprocessing = 0;
		};
		5BE70D91282AF7CA00E36372 /* Sources */ = {
			isa = PBXSourcesBuildPhase;
			buildActionMask = 2147483647;
			files = (
				5BE70DE2282B001600E36372 /* HelpModel.swift in Sources */,
				5BE70D9A282AF7CA00E36372 /* ContentView.swift in Sources */,
				5BE70E0B282B35E900E36372 /* HelpSingleton.swift in Sources */,
				5BE70D98282AF7CA00E36372 /* iPadLabsApp.swift in Sources */,
				5BE70DE8282B1C7700E36372 /* AnnouncementModel.swift in Sources */,
				5BE70DF0282B1FFF00E36372 /* UserModel.swift in Sources */,
			);
			runOnlyForDeploymentPostprocessing = 0;
		};
		5BE70DF3282B214E00E36372 /* Sources */ = {
			isa = PBXSourcesBuildPhase;
			buildActionMask = 2147483647;
			files = (
				5BE70E0A282B258800E36372 /* RequestForHelpModalView.swift in Sources */,
				5BE70DFC282B214E00E36372 /* HelpListView.swift in Sources */,
				5BE70E0C282B35EA00E36372 /* HelpSingleton.swift in Sources */,
				5BE70DFA282B214E00E36372 /* StudentsApp.swift in Sources */,
				5BE70E10282B377400E36372 /* HelpCard.swift in Sources */,
				5BE70E0D282B360100E36372 /* HelpModel.swift in Sources */,
			);
			runOnlyForDeploymentPostprocessing = 0;
		};
/* End PBXSourcesBuildPhase section */

/* Begin XCBuildConfiguration section */
		5BE70D77282AF4A100E36372 /* Debug */ = {
			isa = XCBuildConfiguration;
			buildSettings = {
				ALWAYS_SEARCH_USER_PATHS = NO;
				CLANG_ANALYZER_NONNULL = YES;
				CLANG_ANALYZER_NUMBER_OBJECT_CONVERSION = YES_AGGRESSIVE;
				CLANG_CXX_LANGUAGE_STANDARD = "gnu++17";
				CLANG_ENABLE_MODULES = YES;
				CLANG_ENABLE_OBJC_ARC = YES;
				CLANG_ENABLE_OBJC_WEAK = YES;
				CLANG_WARN_BLOCK_CAPTURE_AUTORELEASING = YES;
				CLANG_WARN_BOOL_CONVERSION = YES;
				CLANG_WARN_COMMA = YES;
				CLANG_WARN_CONSTANT_CONVERSION = YES;
				CLANG_WARN_DEPRECATED_OBJC_IMPLEMENTATIONS = YES;
				CLANG_WARN_DIRECT_OBJC_ISA_USAGE = YES_ERROR;
				CLANG_WARN_DOCUMENTATION_COMMENTS = YES;
				CLANG_WARN_EMPTY_BODY = YES;
				CLANG_WARN_ENUM_CONVERSION = YES;
				CLANG_WARN_INFINITE_RECURSION = YES;
				CLANG_WARN_INT_CONVERSION = YES;
				CLANG_WARN_NON_LITERAL_NULL_CONVERSION = YES;
				CLANG_WARN_OBJC_IMPLICIT_RETAIN_SELF = YES;
				CLANG_WARN_OBJC_LITERAL_CONVERSION = YES;
				CLANG_WARN_OBJC_ROOT_CLASS = YES_ERROR;
				CLANG_WARN_QUOTED_INCLUDE_IN_FRAMEWORK_HEADER = YES;
				CLANG_WARN_RANGE_LOOP_ANALYSIS = YES;
				CLANG_WARN_STRICT_PROTOTYPES = YES;
				CLANG_WARN_SUSPICIOUS_MOVE = YES;
				CLANG_WARN_UNGUARDED_AVAILABILITY = YES_AGGRESSIVE;
				CLANG_WARN_UNREACHABLE_CODE = YES;
				CLANG_WARN__DUPLICATE_METHOD_MATCH = YES;
				COPY_PHASE_STRIP = NO;
				DEBUG_INFORMATION_FORMAT = dwarf;
				ENABLE_STRICT_OBJC_MSGSEND = YES;
				ENABLE_TESTABILITY = YES;
				GCC_C_LANGUAGE_STANDARD = gnu11;
				GCC_DYNAMIC_NO_PIC = NO;
				GCC_NO_COMMON_BLOCKS = YES;
				GCC_OPTIMIZATION_LEVEL = 0;
				GCC_PREPROCESSOR_DEFINITIONS = (
					"DEBUG=1",
					"$(inherited)",
				);
				GCC_WARN_64_TO_32_BIT_CONVERSION = YES;
				GCC_WARN_ABOUT_RETURN_TYPE = YES_ERROR;
				GCC_WARN_UNDECLARED_SELECTOR = YES;
				GCC_WARN_UNINITIALIZED_AUTOS = YES_AGGRESSIVE;
				GCC_WARN_UNUSED_FUNCTION = YES;
				GCC_WARN_UNUSED_VARIABLE = YES;
				MTL_ENABLE_DEBUG_INFO = INCLUDE_SOURCE;
				MTL_FAST_MATH = YES;
				ONLY_ACTIVE_ARCH = YES;
				SWIFT_ACTIVE_COMPILATION_CONDITIONS = DEBUG;
				SWIFT_OPTIMIZATION_LEVEL = "-Onone";
			};
			name = Debug;
		};
		5BE70D78282AF4A100E36372 /* Release */ = {
			isa = XCBuildConfiguration;
			buildSettings = {
				ALWAYS_SEARCH_USER_PATHS = NO;
				CLANG_ANALYZER_NONNULL = YES;
				CLANG_ANALYZER_NUMBER_OBJECT_CONVERSION = YES_AGGRESSIVE;
				CLANG_CXX_LANGUAGE_STANDARD = "gnu++17";
				CLANG_ENABLE_MODULES = YES;
				CLANG_ENABLE_OBJC_ARC = YES;
				CLANG_ENABLE_OBJC_WEAK = YES;
				CLANG_WARN_BLOCK_CAPTURE_AUTORELEASING = YES;
				CLANG_WARN_BOOL_CONVERSION = YES;
				CLANG_WARN_COMMA = YES;
				CLANG_WARN_CONSTANT_CONVERSION = YES;
				CLANG_WARN_DEPRECATED_OBJC_IMPLEMENTATIONS = YES;
				CLANG_WARN_DIRECT_OBJC_ISA_USAGE = YES_ERROR;
				CLANG_WARN_DOCUMENTATION_COMMENTS = YES;
				CLANG_WARN_EMPTY_BODY = YES;
				CLANG_WARN_ENUM_CONVERSION = YES;
				CLANG_WARN_INFINITE_RECURSION = YES;
				CLANG_WARN_INT_CONVERSION = YES;
				CLANG_WARN_NON_LITERAL_NULL_CONVERSION = YES;
				CLANG_WARN_OBJC_IMPLICIT_RETAIN_SELF = YES;
				CLANG_WARN_OBJC_LITERAL_CONVERSION = YES;
				CLANG_WARN_OBJC_ROOT_CLASS = YES_ERROR;
				CLANG_WARN_QUOTED_INCLUDE_IN_FRAMEWORK_HEADER = YES;
				CLANG_WARN_RANGE_LOOP_ANALYSIS = YES;
				CLANG_WARN_STRICT_PROTOTYPES = YES;
				CLANG_WARN_SUSPICIOUS_MOVE = YES;
				CLANG_WARN_UNGUARDED_AVAILABILITY = YES_AGGRESSIVE;
				CLANG_WARN_UNREACHABLE_CODE = YES;
				CLANG_WARN__DUPLICATE_METHOD_MATCH = YES;
				COPY_PHASE_STRIP = NO;
				DEBUG_INFORMATION_FORMAT = "dwarf-with-dsym";
				ENABLE_NS_ASSERTIONS = NO;
				ENABLE_STRICT_OBJC_MSGSEND = YES;
				GCC_C_LANGUAGE_STANDARD = gnu11;
				GCC_NO_COMMON_BLOCKS = YES;
				GCC_WARN_64_TO_32_BIT_CONVERSION = YES;
				GCC_WARN_ABOUT_RETURN_TYPE = YES_ERROR;
				GCC_WARN_UNDECLARED_SELECTOR = YES;
				GCC_WARN_UNINITIALIZED_AUTOS = YES_AGGRESSIVE;
				GCC_WARN_UNUSED_FUNCTION = YES;
				GCC_WARN_UNUSED_VARIABLE = YES;
				MTL_ENABLE_DEBUG_INFO = NO;
				MTL_FAST_MATH = YES;
				SWIFT_COMPILATION_MODE = wholemodule;
				SWIFT_OPTIMIZATION_LEVEL = "-O";
			};
			name = Release;
		};
		5BE70D8F282AF68C00E36372 /* Debug */ = {
			isa = XCBuildConfiguration;
			buildSettings = {
				ASSETCATALOG_COMPILER_APPICON_NAME = "App Icon & Top Shelf Image";
				ASSETCATALOG_COMPILER_GLOBAL_ACCENT_COLOR_NAME = AccentColor;
				CODE_SIGN_STYLE = Automatic;
				CURRENT_PROJECT_VERSION = 1;
				DEVELOPMENT_ASSET_PATHS = "\"tvOS-Monolito/Preview Content\"";
				DEVELOPMENT_TEAM = VWZ6P536SX;
				ENABLE_PREVIEWS = YES;
				GENERATE_INFOPLIST_FILE = YES;
				INFOPLIST_KEY_UILaunchScreen_Generation = YES;
				INFOPLIST_KEY_UIUserInterfaceStyle = Automatic;
				LD_RUNPATH_SEARCH_PATHS = (
					"$(inherited)",
					"@executable_path/Frameworks",
				);
				MARKETING_VERSION = 1.0;
				PRODUCT_BUNDLE_IDENTIFIER = com.andrearns.Monolito;
				PRODUCT_NAME = Monolito;
				SDKROOT = appletvos;
				SWIFT_EMIT_LOC_STRINGS = YES;
				SWIFT_VERSION = 5.0;
				TARGETED_DEVICE_FAMILY = 3;
				TVOS_DEPLOYMENT_TARGET = 15.4;
			};
			name = Debug;
		};
		5BE70D90282AF68C00E36372 /* Release */ = {
			isa = XCBuildConfiguration;
			buildSettings = {
				ASSETCATALOG_COMPILER_APPICON_NAME = "App Icon & Top Shelf Image";
				ASSETCATALOG_COMPILER_GLOBAL_ACCENT_COLOR_NAME = AccentColor;
				CODE_SIGN_STYLE = Automatic;
				CURRENT_PROJECT_VERSION = 1;
				DEVELOPMENT_ASSET_PATHS = "\"tvOS-Monolito/Preview Content\"";
				DEVELOPMENT_TEAM = VWZ6P536SX;
				ENABLE_PREVIEWS = YES;
				GENERATE_INFOPLIST_FILE = YES;
				INFOPLIST_KEY_UILaunchScreen_Generation = YES;
				INFOPLIST_KEY_UIUserInterfaceStyle = Automatic;
				LD_RUNPATH_SEARCH_PATHS = (
					"$(inherited)",
					"@executable_path/Frameworks",
				);
				MARKETING_VERSION = 1.0;
				PRODUCT_BUNDLE_IDENTIFIER = com.andrearns.Monolito;
				PRODUCT_NAME = Monolito;
				SDKROOT = appletvos;
				SWIFT_EMIT_LOC_STRINGS = YES;
				SWIFT_VERSION = 5.0;
				TARGETED_DEVICE_FAMILY = 3;
				TVOS_DEPLOYMENT_TARGET = 15.4;
				VALIDATE_PRODUCT = YES;
			};
			name = Release;
		};
		5BE70DA1282AF7CC00E36372 /* Debug */ = {
			isa = XCBuildConfiguration;
			buildSettings = {
				ASSETCATALOG_COMPILER_APPICON_NAME = AppIcon;
				ASSETCATALOG_COMPILER_GLOBAL_ACCENT_COLOR_NAME = AccentColor;
				CODE_SIGN_STYLE = Automatic;
				CURRENT_PROJECT_VERSION = 1;
				DEVELOPMENT_ASSET_PATHS = "\"iOS-iPadLabs/Preview Content\"";
				DEVELOPMENT_TEAM = VWZ6P536SX;
				ENABLE_PREVIEWS = YES;
				GENERATE_INFOPLIST_FILE = YES;
				INFOPLIST_FILE = "";
				INFOPLIST_KEY_CFBundleDisplayName = "Labs - ADA";
				INFOPLIST_KEY_UIApplicationSupportsIndirectInputEvents = YES;
				INFOPLIST_KEY_UILaunchScreen_Generation = YES;
				INFOPLIST_KEY_UIRequiresFullScreen = YES;
				INFOPLIST_KEY_UISupportedInterfaceOrientations_iPad = UIInterfaceOrientationLandscapeLeft;
				INFOPLIST_KEY_UISupportedInterfaceOrientations_iPhone = "UIInterfaceOrientationPortrait UIInterfaceOrientationLandscapeLeft UIInterfaceOrientationLandscapeRight";
				IPHONEOS_DEPLOYMENT_TARGET = 15.4;
				LD_RUNPATH_SEARCH_PATHS = (
					"$(inherited)",
					"@executable_path/Frameworks",
				);
				MARKETING_VERSION = 1.0;
				PRODUCT_BUNDLE_IDENTIFIER = com.andrearns.iPadLabs;
				PRODUCT_NAME = "$(TARGET_NAME)";
				SDKROOT = iphoneos;
				SWIFT_EMIT_LOC_STRINGS = YES;
				SWIFT_VERSION = 5.0;
				TARGETED_DEVICE_FAMILY = 2;
			};
			name = Debug;
		};
		5BE70DA2282AF7CC00E36372 /* Release */ = {
			isa = XCBuildConfiguration;
			buildSettings = {
				ASSETCATALOG_COMPILER_APPICON_NAME = AppIcon;
				ASSETCATALOG_COMPILER_GLOBAL_ACCENT_COLOR_NAME = AccentColor;
				CODE_SIGN_STYLE = Automatic;
				CURRENT_PROJECT_VERSION = 1;
				DEVELOPMENT_ASSET_PATHS = "\"iOS-iPadLabs/Preview Content\"";
				DEVELOPMENT_TEAM = VWZ6P536SX;
				ENABLE_PREVIEWS = YES;
				GENERATE_INFOPLIST_FILE = YES;
				INFOPLIST_FILE = "";
				INFOPLIST_KEY_CFBundleDisplayName = "Labs - ADA";
				INFOPLIST_KEY_UIApplicationSupportsIndirectInputEvents = YES;
				INFOPLIST_KEY_UILaunchScreen_Generation = YES;
				INFOPLIST_KEY_UIRequiresFullScreen = YES;
				INFOPLIST_KEY_UISupportedInterfaceOrientations_iPad = UIInterfaceOrientationLandscapeLeft;
				INFOPLIST_KEY_UISupportedInterfaceOrientations_iPhone = "UIInterfaceOrientationPortrait UIInterfaceOrientationLandscapeLeft UIInterfaceOrientationLandscapeRight";
				IPHONEOS_DEPLOYMENT_TARGET = 15.4;
				LD_RUNPATH_SEARCH_PATHS = (
					"$(inherited)",
					"@executable_path/Frameworks",
				);
				MARKETING_VERSION = 1.0;
				PRODUCT_BUNDLE_IDENTIFIER = com.andrearns.iPadLabs;
				PRODUCT_NAME = "$(TARGET_NAME)";
				SDKROOT = iphoneos;
				SWIFT_EMIT_LOC_STRINGS = YES;
				SWIFT_VERSION = 5.0;
				TARGETED_DEVICE_FAMILY = 2;
				VALIDATE_PRODUCT = YES;
			};
			name = Release;
		};
		5BE70E03282B214F00E36372 /* Debug */ = {
			isa = XCBuildConfiguration;
			buildSettings = {
				ASSETCATALOG_COMPILER_APPICON_NAME = AppIcon;
				ASSETCATALOG_COMPILER_GLOBAL_ACCENT_COLOR_NAME = AccentColor;
				CODE_SIGN_STYLE = Automatic;
				CURRENT_PROJECT_VERSION = 1;
				DEVELOPMENT_ASSET_PATHS = "\"iOS-Students/Preview Content\"";
				DEVELOPMENT_TEAM = VWZ6P536SX;
				ENABLE_PREVIEWS = YES;
				GENERATE_INFOPLIST_FILE = YES;
				INFOPLIST_KEY_UIApplicationSceneManifest_Generation = YES;
				INFOPLIST_KEY_UIApplicationSupportsIndirectInputEvents = YES;
				INFOPLIST_KEY_UILaunchScreen_Generation = YES;
				INFOPLIST_KEY_UISupportedInterfaceOrientations_iPad = "UIInterfaceOrientationPortrait UIInterfaceOrientationPortraitUpsideDown UIInterfaceOrientationLandscapeLeft UIInterfaceOrientationLandscapeRight";
				INFOPLIST_KEY_UISupportedInterfaceOrientations_iPhone = "UIInterfaceOrientationPortrait UIInterfaceOrientationLandscapeLeft UIInterfaceOrientationLandscapeRight";
				IPHONEOS_DEPLOYMENT_TARGET = 15.4;
				LD_RUNPATH_SEARCH_PATHS = (
					"$(inherited)",
					"@executable_path/Frameworks",
				);
				MARKETING_VERSION = 1.0;
				PRODUCT_BUNDLE_IDENTIFIER = "com.andrearns.iOS-Students";
				PRODUCT_NAME = "$(TARGET_NAME)";
				SDKROOT = iphoneos;
				SWIFT_EMIT_LOC_STRINGS = YES;
				SWIFT_VERSION = 5.0;
				TARGETED_DEVICE_FAMILY = "1,2";
			};
			name = Debug;
		};
		5BE70E04282B214F00E36372 /* Release */ = {
			isa = XCBuildConfiguration;
			buildSettings = {
				ASSETCATALOG_COMPILER_APPICON_NAME = AppIcon;
				ASSETCATALOG_COMPILER_GLOBAL_ACCENT_COLOR_NAME = AccentColor;
				CODE_SIGN_STYLE = Automatic;
				CURRENT_PROJECT_VERSION = 1;
				DEVELOPMENT_ASSET_PATHS = "\"iOS-Students/Preview Content\"";
				DEVELOPMENT_TEAM = VWZ6P536SX;
				ENABLE_PREVIEWS = YES;
				GENERATE_INFOPLIST_FILE = YES;
				INFOPLIST_KEY_UIApplicationSceneManifest_Generation = YES;
				INFOPLIST_KEY_UIApplicationSupportsIndirectInputEvents = YES;
				INFOPLIST_KEY_UILaunchScreen_Generation = YES;
				INFOPLIST_KEY_UISupportedInterfaceOrientations_iPad = "UIInterfaceOrientationPortrait UIInterfaceOrientationPortraitUpsideDown UIInterfaceOrientationLandscapeLeft UIInterfaceOrientationLandscapeRight";
				INFOPLIST_KEY_UISupportedInterfaceOrientations_iPhone = "UIInterfaceOrientationPortrait UIInterfaceOrientationLandscapeLeft UIInterfaceOrientationLandscapeRight";
				IPHONEOS_DEPLOYMENT_TARGET = 15.4;
				LD_RUNPATH_SEARCH_PATHS = (
					"$(inherited)",
					"@executable_path/Frameworks",
				);
				MARKETING_VERSION = 1.0;
				PRODUCT_BUNDLE_IDENTIFIER = "com.andrearns.iOS-Students";
				PRODUCT_NAME = "$(TARGET_NAME)";
				SDKROOT = iphoneos;
				SWIFT_EMIT_LOC_STRINGS = YES;
				SWIFT_VERSION = 5.0;
				TARGETED_DEVICE_FAMILY = "1,2";
				VALIDATE_PRODUCT = YES;
			};
			name = Release;
		};
/* End XCBuildConfiguration section */

/* Begin XCConfigurationList section */
		5BE70D5F282AF49E00E36372 /* Build configuration list for PBXProject "MiniChallenge04-Test" */ = {
			isa = XCConfigurationList;
			buildConfigurations = (
				5BE70D77282AF4A100E36372 /* Debug */,
				5BE70D78282AF4A100E36372 /* Release */,
			);
			defaultConfigurationIsVisible = 0;
			defaultConfigurationName = Release;
		};
		5BE70D8E282AF68C00E36372 /* Build configuration list for PBXNativeTarget "MiniChallenge04-Test-TvOS" */ = {
			isa = XCConfigurationList;
			buildConfigurations = (
				5BE70D8F282AF68C00E36372 /* Debug */,
				5BE70D90282AF68C00E36372 /* Release */,
			);
			defaultConfigurationIsVisible = 0;
			defaultConfigurationName = Release;
		};
		5BE70DA0282AF7CC00E36372 /* Build configuration list for PBXNativeTarget "iPadTVs" */ = {
			isa = XCConfigurationList;
			buildConfigurations = (
				5BE70DA1282AF7CC00E36372 /* Debug */,
				5BE70DA2282AF7CC00E36372 /* Release */,
			);
			defaultConfigurationIsVisible = 0;
			defaultConfigurationName = Release;
		};
		5BE70E02282B214F00E36372 /* Build configuration list for PBXNativeTarget "iOS-Students" */ = {
			isa = XCConfigurationList;
			buildConfigurations = (
				5BE70E03282B214F00E36372 /* Debug */,
				5BE70E04282B214F00E36372 /* Release */,
			);
			defaultConfigurationIsVisible = 0;
			defaultConfigurationName = Release;
		};
/* End XCConfigurationList section */
	};
	rootObject = 5BE70D5C282AF49E00E36372 /* Project object */;
}
